
Microsoft Visual Studio Solution File, Format Version 12.00
# Visual Studio Version 17
VisualStudioVersion = 17.8.34601.278
MinimumVisualStudioVersion = 10.0.40219.1
Project("{FAE04EC0-301F-11D3-BF4B-00C04F79EFBC}") = "ProjetPow", "ProjetPow\ProjetPow.csproj", "{247FF125-099E-46C9-BEDE-1ABDF4D9AFA1}"
EndProject
Global
	GlobalSection(SolutionConfigurationPlatforms) = preSolution
		Debug|Any CPU = Debug|Any CPU
		Release|Any CPU = Release|Any CPU
	EndGlobalSection
	GlobalSection(ProjectConfigurationPlatforms) = postSolution
		{247FF125-099E-46C9-BEDE-1ABDF4D9AFA1}.Debug|Any CPU.ActiveCfg = Debug|Any CPU
		{247FF125-099E-46C9-BEDE-1ABDF4D9AFA1}.Debug|Any CPU.Build.0 = Debug|Any CPU
		{247FF125-099E-46C9-BEDE-1ABDF4D9AFA1}.Release|Any CPU.ActiveCfg = Release|Any CPU
		{247FF125-099E-46C9-BEDE-1ABDF4D9AFA1}.Release|Any CPU.Build.0 = Release|Any CPU
	EndGlobalSection
	GlobalSection(SolutionProperties) = preSolution
		HideSolutionNode = FALSE
	EndGlobalSection
	GlobalSection(ExtensibilityGlobals) = postSolution
		SolutionGuid = {D8D9856A-5B39-4730-AB41-6F9DBE259772}
	EndGlobalSection
EndGlobal
