
Microsoft Visual Studio Solution File, Format Version 12.00
# Visual Studio Version 17
VisualStudioVersion = 17.8.34601.278
MinimumVisualStudioVersion = 10.0.40219.1
Project("{FAE04EC0-301F-11D3-BF4B-00C04F79EFBC}") = "ProjetPow", "ProjetPow\ProjetPow.csproj", "{247FF125-099E-46C9-BEDE-1ABDF4D9AFA1}"
EndProject
Project("{FAE04EC0-301F-11D3-BF4B-00C04F79EFBC}") = "SOAInterfaceMetier", "JointureInterfaceMetier\SOAInterfaceMetier.csproj", "{0FC45615-67E2-46E4-933D-FC21DF6B2C4D}"
EndProject
Project("{FAE04EC0-301F-11D3-BF4B-00C04F79EFBC}") = "Metier", "Metier\Metier.csproj", "{2712973B-77CC-4BEE-BEDB-732E5DDCFFC6}"
EndProject
Project("{FAE04EC0-301F-11D3-BF4B-00C04F79EFBC}") = "Donnees", "Donnees\Donnees.csproj", "{7A78009B-CA1C-42AB-B7FA-8A135E0EE8AF}"
EndProject
Project("{9A19103F-16F7-4668-BE54-9A1E7A4F7556}") = "ProjetPowWeb", "ProjetPowWeb\ProjetPowWeb.csproj", "{9D1D1457-B950-4CEB-A457-0AD89A59B491}"
EndProject
Project("{FAE04EC0-301F-11D3-BF4B-00C04F79EFBC}") = "BasesWeb", "BasesWeb\BasesWeb.csproj", "{5EBCBC9B-7FAA-410E-A610-03F8E19F0456}"
EndProject
Project("{FAE04EC0-301F-11D3-BF4B-00C04F79EFBC}") = "ProjetPowCore", "ProjetPowCore\ProjetPowCore.csproj", "{86176AF3-444E-4C84-9C84-B12CF3D7CA65}"
EndProject
Project("{FAE04EC0-301F-11D3-BF4B-00C04F79EFBC}") = "MetierCore", "MetierCore\MetierCore.csproj", "{87A1BA69-1A38-44B1-9F0E-32DF16566FB8}"
EndProject
Project("{FAE04EC0-301F-11D3-BF4B-00C04F79EFBC}") = "DonneesCore", "DonneesCore\DonneesCore.csproj", "{04235725-F907-4AFC-BB60-F645B67CC231}"
EndProject
Global
	GlobalSection(SolutionConfigurationPlatforms) = preSolution
		Debug|Any CPU = Debug|Any CPU
		Release|Any CPU = Release|Any CPU
	EndGlobalSection
	GlobalSection(ProjectConfigurationPlatforms) = postSolution
		{247FF125-099E-46C9-BEDE-1ABDF4D9AFA1}.Debug|Any CPU.ActiveCfg = Debug|Any CPU
		{247FF125-099E-46C9-BEDE-1ABDF4D9AFA1}.Debug|Any CPU.Build.0 = Debug|Any CPU
		{247FF125-099E-46C9-BEDE-1ABDF4D9AFA1}.Release|Any CPU.ActiveCfg = Release|Any CPU
		{247FF125-099E-46C9-BEDE-1ABDF4D9AFA1}.Release|Any CPU.Build.0 = Release|Any CPU
		{0FC45615-67E2-46E4-933D-FC21DF6B2C4D}.Debug|Any CPU.ActiveCfg = Debug|Any CPU
		{0FC45615-67E2-46E4-933D-FC21DF6B2C4D}.Debug|Any CPU.Build.0 = Debug|Any CPU
		{0FC45615-67E2-46E4-933D-FC21DF6B2C4D}.Release|Any CPU.ActiveCfg = Release|Any CPU
		{0FC45615-67E2-46E4-933D-FC21DF6B2C4D}.Release|Any CPU.Build.0 = Release|Any CPU
		{2712973B-77CC-4BEE-BEDB-732E5DDCFFC6}.Debug|Any CPU.ActiveCfg = Debug|Any CPU
		{2712973B-77CC-4BEE-BEDB-732E5DDCFFC6}.Debug|Any CPU.Build.0 = Debug|Any CPU
		{2712973B-77CC-4BEE-BEDB-732E5DDCFFC6}.Release|Any CPU.ActiveCfg = Release|Any CPU
		{2712973B-77CC-4BEE-BEDB-732E5DDCFFC6}.Release|Any CPU.Build.0 = Release|Any CPU
		{7A78009B-CA1C-42AB-B7FA-8A135E0EE8AF}.Debug|Any CPU.ActiveCfg = Debug|Any CPU
		{7A78009B-CA1C-42AB-B7FA-8A135E0EE8AF}.Debug|Any CPU.Build.0 = Debug|Any CPU
		{7A78009B-CA1C-42AB-B7FA-8A135E0EE8AF}.Release|Any CPU.ActiveCfg = Release|Any CPU
		{7A78009B-CA1C-42AB-B7FA-8A135E0EE8AF}.Release|Any CPU.Build.0 = Release|Any CPU
		{9D1D1457-B950-4CEB-A457-0AD89A59B491}.Debug|Any CPU.ActiveCfg = Debug|Any CPU
		{9D1D1457-B950-4CEB-A457-0AD89A59B491}.Debug|Any CPU.Build.0 = Debug|Any CPU
		{9D1D1457-B950-4CEB-A457-0AD89A59B491}.Release|Any CPU.ActiveCfg = Release|Any CPU
		{9D1D1457-B950-4CEB-A457-0AD89A59B491}.Release|Any CPU.Build.0 = Release|Any CPU
		{5EBCBC9B-7FAA-410E-A610-03F8E19F0456}.Debug|Any CPU.ActiveCfg = Debug|Any CPU
		{5EBCBC9B-7FAA-410E-A610-03F8E19F0456}.Debug|Any CPU.Build.0 = Debug|Any CPU
		{5EBCBC9B-7FAA-410E-A610-03F8E19F0456}.Release|Any CPU.ActiveCfg = Release|Any CPU
		{5EBCBC9B-7FAA-410E-A610-03F8E19F0456}.Release|Any CPU.Build.0 = Release|Any CPU
		{86176AF3-444E-4C84-9C84-B12CF3D7CA65}.Debug|Any CPU.ActiveCfg = Debug|Any CPU
		{86176AF3-444E-4C84-9C84-B12CF3D7CA65}.Debug|Any CPU.Build.0 = Debug|Any CPU
		{86176AF3-444E-4C84-9C84-B12CF3D7CA65}.Release|Any CPU.ActiveCfg = Release|Any CPU
		{86176AF3-444E-4C84-9C84-B12CF3D7CA65}.Release|Any CPU.Build.0 = Release|Any CPU
		{87A1BA69-1A38-44B1-9F0E-32DF16566FB8}.Debug|Any CPU.ActiveCfg = Debug|Any CPU
		{87A1BA69-1A38-44B1-9F0E-32DF16566FB8}.Debug|Any CPU.Build.0 = Debug|Any CPU
		{87A1BA69-1A38-44B1-9F0E-32DF16566FB8}.Release|Any CPU.ActiveCfg = Release|Any CPU
		{87A1BA69-1A38-44B1-9F0E-32DF16566FB8}.Release|Any CPU.Build.0 = Release|Any CPU
		{04235725-F907-4AFC-BB60-F645B67CC231}.Debug|Any CPU.ActiveCfg = Debug|Any CPU
		{04235725-F907-4AFC-BB60-F645B67CC231}.Debug|Any CPU.Build.0 = Debug|Any CPU
		{04235725-F907-4AFC-BB60-F645B67CC231}.Release|Any CPU.ActiveCfg = Release|Any CPU
		{04235725-F907-4AFC-BB60-F645B67CC231}.Release|Any CPU.Build.0 = Release|Any CPU
	EndGlobalSection
	GlobalSection(SolutionProperties) = preSolution
		HideSolutionNode = FALSE
	EndGlobalSection
	GlobalSection(ExtensibilityGlobals) = postSolution
		SolutionGuid = {D8D9856A-5B39-4730-AB41-6F9DBE259772}
	EndGlobalSection
EndGlobal
